// !$*UTF8*$!
{
	archiveVersion = 1;
	classes = {
	};
	objectVersion = 56;
	objects = {

/* Begin PBXBuildFile section */
		8213CC5C2B77279600099FEC /* CategoryHome.swift in Sources */ = {isa = PBXBuildFile; fileRef = 8213CC5B2B77279600099FEC /* CategoryHome.swift */; };
		8213CC5F2B7730AC00099FEC /* CategoryRow.swift in Sources */ = {isa = PBXBuildFile; fileRef = 8213CC5E2B7730AC00099FEC /* CategoryRow.swift */; };
		8213CC612B77504500099FEC /* CategoryItem.swift in Sources */ = {isa = PBXBuildFile; fileRef = 8213CC602B77504500099FEC /* CategoryItem.swift */; };
		8213CC632B775EA200099FEC /* Profile.swift in Sources */ = {isa = PBXBuildFile; fileRef = 8213CC622B775EA200099FEC /* Profile.swift */; };
		8213CC662B775F7900099FEC /* ProfileHost.swift in Sources */ = {isa = PBXBuildFile; fileRef = 8213CC652B775F7800099FEC /* ProfileHost.swift */; };
		8213CC682B77877000099FEC /* ProfileSummary.swift in Sources */ = {isa = PBXBuildFile; fileRef = 8213CC672B77877000099FEC /* ProfileSummary.swift */; };
		8213CC6A2B778A4C00099FEC /* HikeBadge.swift in Sources */ = {isa = PBXBuildFile; fileRef = 8213CC692B778A4C00099FEC /* HikeBadge.swift */; };
		8213CC6C2B77A6D100099FEC /* ProfileEditor.swift in Sources */ = {isa = PBXBuildFile; fileRef = 8213CC6B2B77A6D100099FEC /* ProfileEditor.swift */; };
		8256C0DF2B75BCAE00E542F8 /* HexagonParameters.swift in Sources */ = {isa = PBXBuildFile; fileRef = 8256C0DE2B75BCAE00E542F8 /* HexagonParameters.swift */; };
		8256C0E12B75C44D00E542F8 /* BadgeBackground.swift in Sources */ = {isa = PBXBuildFile; fileRef = 8256C0E02B75C44D00E542F8 /* BadgeBackground.swift */; };
		825AF2B22B74A14800EF99D5 /* LandmarksApp.swift in Sources */ = {isa = PBXBuildFile; fileRef = 825AF2B12B74A14800EF99D5 /* LandmarksApp.swift */; };
		825AF2B42B74A14800EF99D5 /* ContentView.swift in Sources */ = {isa = PBXBuildFile; fileRef = 825AF2B32B74A14800EF99D5 /* ContentView.swift */; };
		825AF2B62B74A14B00EF99D5 /* Assets.xcassets in Resources */ = {isa = PBXBuildFile; fileRef = 825AF2B52B74A14B00EF99D5 /* Assets.xcassets */; };
		825AF2B92B74A14B00EF99D5 /* Preview Assets.xcassets in Resources */ = {isa = PBXBuildFile; fileRef = 825AF2B82B74A14B00EF99D5 /* Preview Assets.xcassets */; };
		825AF2C02B74BEF500EF99D5 /* CircleImage.swift in Sources */ = {isa = PBXBuildFile; fileRef = 825AF2BF2B74BEF500EF99D5 /* CircleImage.swift */; };
		825AF2C22B74C22E00EF99D5 /* MapView.swift in Sources */ = {isa = PBXBuildFile; fileRef = 825AF2C12B74C22E00EF99D5 /* MapView.swift */; };
		825AF2C42B74CCFC00EF99D5 /* landmarkData.json in Resources */ = {isa = PBXBuildFile; fileRef = 825AF2C32B74CCFC00EF99D5 /* landmarkData.json */; };
		825AF2C62B74CD8C00EF99D5 /* Landmark.swift in Sources */ = {isa = PBXBuildFile; fileRef = 825AF2C52B74CD8C00EF99D5 /* Landmark.swift */; };
		825AF2C82B74D32500EF99D5 /* ModelData.swift in Sources */ = {isa = PBXBuildFile; fileRef = 825AF2C72B74D32500EF99D5 /* ModelData.swift */; };
		825AF2CE2B74DD3F00EF99D5 /* LandmarkRow.swift in Sources */ = {isa = PBXBuildFile; fileRef = 825AF2CD2B74DD3F00EF99D5 /* LandmarkRow.swift */; };
		825AF2D02B74E46800EF99D5 /* LandmarkList.swift in Sources */ = {isa = PBXBuildFile; fileRef = 825AF2CF2B74E46800EF99D5 /* LandmarkList.swift */; };
		825AF2D22B74E66100EF99D5 /* LandmarkDetail.swift in Sources */ = {isa = PBXBuildFile; fileRef = 825AF2D12B74E66100EF99D5 /* LandmarkDetail.swift */; };
		827F9C682B7528E200799441 /* FavoriteButton.swift in Sources */ = {isa = PBXBuildFile; fileRef = 827F9C672B7528E200799441 /* FavoriteButton.swift */; };
		82E13D232B75D58100AFF9BC /* BadgeSymbol.swift in Sources */ = {isa = PBXBuildFile; fileRef = 82E13D222B75D58100AFF9BC /* BadgeSymbol.swift */; };
		82E13D262B75FEAE00AFF9BC /* RotatedBadgeSymbol.swift in Sources */ = {isa = PBXBuildFile; fileRef = 82E13D252B75FEAE00AFF9BC /* RotatedBadgeSymbol.swift */; };
		82E13D282B75FF6600AFF9BC /* Badge.swift in Sources */ = {isa = PBXBuildFile; fileRef = 82E13D272B75FF6600AFF9BC /* Badge.swift */; };
		82E13D2A2B7608C400AFF9BC /* hikeData.json in Resources */ = {isa = PBXBuildFile; fileRef = 82E13D292B7608C300AFF9BC /* hikeData.json */; };
		82E13D2C2B760C8500AFF9BC /* Hike.swift in Sources */ = {isa = PBXBuildFile; fileRef = 82E13D2B2B760C8500AFF9BC /* Hike.swift */; };
		82E13D322B76119B00AFF9BC /* GraphCapsule.swift in Sources */ = {isa = PBXBuildFile; fileRef = 82E13D2E2B76119B00AFF9BC /* GraphCapsule.swift */; };
		82E13D332B76119B00AFF9BC /* HikeGraph.swift in Sources */ = {isa = PBXBuildFile; fileRef = 82E13D2F2B76119B00AFF9BC /* HikeGraph.swift */; };
		82E13D342B76119B00AFF9BC /* HikeDetail.swift in Sources */ = {isa = PBXBuildFile; fileRef = 82E13D302B76119B00AFF9BC /* HikeDetail.swift */; };
		82E13D352B76119B00AFF9BC /* HikeView.swift in Sources */ = {isa = PBXBuildFile; fileRef = 82E13D312B76119B00AFF9BC /* HikeView.swift */; };
/* End PBXBuildFile section */

/* Begin PBXFileReference section */
		8213CC5B2B77279600099FEC /* CategoryHome.swift */ = {isa = PBXFileReference; lastKnownFileType = sourcecode.swift; path = CategoryHome.swift; sourceTree = "<group>"; };
		8213CC5E2B7730AC00099FEC /* CategoryRow.swift */ = {isa = PBXFileReference; lastKnownFileType = sourcecode.swift; path = CategoryRow.swift; sourceTree = "<group>"; };
		8213CC602B77504500099FEC /* CategoryItem.swift */ = {isa = PBXFileReference; lastKnownFileType = sourcecode.swift; path = CategoryItem.swift; sourceTree = "<group>"; };
		8213CC622B775EA200099FEC /* Profile.swift */ = {isa = PBXFileReference; lastKnownFileType = sourcecode.swift; path = Profile.swift; sourceTree = "<group>"; };
		8213CC652B775F7800099FEC /* ProfileHost.swift */ = {isa = PBXFileReference; lastKnownFileType = sourcecode.swift; path = ProfileHost.swift; sourceTree = "<group>"; };
		8213CC672B77877000099FEC /* ProfileSummary.swift */ = {isa = PBXFileReference; lastKnownFileType = sourcecode.swift; path = ProfileSummary.swift; sourceTree = "<group>"; };
		8213CC692B778A4C00099FEC /* HikeBadge.swift */ = {isa = PBXFileReference; lastKnownFileType = sourcecode.swift; path = HikeBadge.swift; sourceTree = "<group>"; };
		8213CC6B2B77A6D100099FEC /* ProfileEditor.swift */ = {isa = PBXFileReference; lastKnownFileType = sourcecode.swift; path = ProfileEditor.swift; sourceTree = "<group>"; };
		8256C0DE2B75BCAE00E542F8 /* HexagonParameters.swift */ = {isa = PBXFileReference; lastKnownFileType = sourcecode.swift; path = HexagonParameters.swift; sourceTree = "<group>"; };
		8256C0E02B75C44D00E542F8 /* BadgeBackground.swift */ = {isa = PBXFileReference; lastKnownFileType = sourcecode.swift; path = BadgeBackground.swift; sourceTree = "<group>"; };
		825AF2AE2B74A14800EF99D5 /* Landmarks.app */ = {isa = PBXFileReference; explicitFileType = wrapper.application; includeInIndex = 0; path = Landmarks.app; sourceTree = BUILT_PRODUCTS_DIR; };
		825AF2B12B74A14800EF99D5 /* LandmarksApp.swift */ = {isa = PBXFileReference; lastKnownFileType = sourcecode.swift; path = LandmarksApp.swift; sourceTree = "<group>"; };
		825AF2B32B74A14800EF99D5 /* ContentView.swift */ = {isa = PBXFileReference; lastKnownFileType = sourcecode.swift; path = ContentView.swift; sourceTree = "<group>"; };
		825AF2B52B74A14B00EF99D5 /* Assets.xcassets */ = {isa = PBXFileReference; lastKnownFileType = folder.assetcatalog; path = Assets.xcassets; sourceTree = "<group>"; };
		825AF2B82B74A14B00EF99D5 /* Preview Assets.xcassets */ = {isa = PBXFileReference; lastKnownFileType = folder.assetcatalog; path = "Preview Assets.xcassets"; sourceTree = "<group>"; };
		825AF2BF2B74BEF500EF99D5 /* CircleImage.swift */ = {isa = PBXFileReference; lastKnownFileType = sourcecode.swift; path = CircleImage.swift; sourceTree = "<group>"; };
		825AF2C12B74C22E00EF99D5 /* MapView.swift */ = {isa = PBXFileReference; lastKnownFileType = sourcecode.swift; path = MapView.swift; sourceTree = "<group>"; };
		825AF2C32B74CCFC00EF99D5 /* landmarkData.json */ = {isa = PBXFileReference; fileEncoding = 4; lastKnownFileType = text.json; path = landmarkData.json; sourceTree = "<group>"; };
		825AF2C52B74CD8C00EF99D5 /* Landmark.swift */ = {isa = PBXFileReference; lastKnownFileType = sourcecode.swift; path = Landmark.swift; sourceTree = "<group>"; };
		825AF2C72B74D32500EF99D5 /* ModelData.swift */ = {isa = PBXFileReference; lastKnownFileType = sourcecode.swift; path = ModelData.swift; sourceTree = "<group>"; };
		825AF2CD2B74DD3F00EF99D5 /* LandmarkRow.swift */ = {isa = PBXFileReference; lastKnownFileType = sourcecode.swift; path = LandmarkRow.swift; sourceTree = "<group>"; };
		825AF2CF2B74E46800EF99D5 /* LandmarkList.swift */ = {isa = PBXFileReference; lastKnownFileType = sourcecode.swift; path = LandmarkList.swift; sourceTree = "<group>"; };
		825AF2D12B74E66100EF99D5 /* LandmarkDetail.swift */ = {isa = PBXFileReference; lastKnownFileType = sourcecode.swift; path = LandmarkDetail.swift; sourceTree = "<group>"; };
		827F9C672B7528E200799441 /* FavoriteButton.swift */ = {isa = PBXFileReference; lastKnownFileType = sourcecode.swift; path = FavoriteButton.swift; sourceTree = "<group>"; };
		82E13D222B75D58100AFF9BC /* BadgeSymbol.swift */ = {isa = PBXFileReference; lastKnownFileType = sourcecode.swift; path = BadgeSymbol.swift; sourceTree = "<group>"; };
		82E13D252B75FEAE00AFF9BC /* RotatedBadgeSymbol.swift */ = {isa = PBXFileReference; lastKnownFileType = sourcecode.swift; path = RotatedBadgeSymbol.swift; sourceTree = "<group>"; };
		82E13D272B75FF6600AFF9BC /* Badge.swift */ = {isa = PBXFileReference; lastKnownFileType = sourcecode.swift; path = Badge.swift; sourceTree = "<group>"; };
		82E13D292B7608C300AFF9BC /* hikeData.json */ = {isa = PBXFileReference; fileEncoding = 4; lastKnownFileType = text.json; path = hikeData.json; sourceTree = "<group>"; };
		82E13D2B2B760C8500AFF9BC /* Hike.swift */ = {isa = PBXFileReference; lastKnownFileType = sourcecode.swift; path = Hike.swift; sourceTree = "<group>"; };
		82E13D2E2B76119B00AFF9BC /* GraphCapsule.swift */ = {isa = PBXFileReference; fileEncoding = 4; lastKnownFileType = sourcecode.swift; path = GraphCapsule.swift; sourceTree = "<group>"; };
		82E13D2F2B76119B00AFF9BC /* HikeGraph.swift */ = {isa = PBXFileReference; fileEncoding = 4; lastKnownFileType = sourcecode.swift; path = HikeGraph.swift; sourceTree = "<group>"; };
		82E13D302B76119B00AFF9BC /* HikeDetail.swift */ = {isa = PBXFileReference; fileEncoding = 4; lastKnownFileType = sourcecode.swift; path = HikeDetail.swift; sourceTree = "<group>"; };
		82E13D312B76119B00AFF9BC /* HikeView.swift */ = {isa = PBXFileReference; fileEncoding = 4; lastKnownFileType = sourcecode.swift; path = HikeView.swift; sourceTree = "<group>"; };
/* End PBXFileReference section */

/* Begin PBXFrameworksBuildPhase section */
		825AF2AB2B74A14800EF99D5 /* Frameworks */ = {
			isa = PBXFrameworksBuildPhase;
			buildActionMask = 2147483647;
			files = (
			);
			runOnlyForDeploymentPostprocessing = 0;
		};
/* End PBXFrameworksBuildPhase section */

/* Begin PBXGroup section */
		8213CC5D2B7727A500099FEC /* Categories */ = {
			isa = PBXGroup;
			children = (
				8213CC5B2B77279600099FEC /* CategoryHome.swift */,
				8213CC5E2B7730AC00099FEC /* CategoryRow.swift */,
				8213CC602B77504500099FEC /* CategoryItem.swift */,
			);
			path = Categories;
			sourceTree = "<group>";
		};
		8213CC642B775F5F00099FEC /* Profiles */ = {
			isa = PBXGroup;
			children = (
				8213CC652B775F7800099FEC /* ProfileHost.swift */,
				8213CC672B77877000099FEC /* ProfileSummary.swift */,
				8213CC6B2B77A6D100099FEC /* ProfileEditor.swift */,
			);
			path = Profiles;
			sourceTree = "<group>";
		};
		8256C0E22B75C45C00E542F8 /* Badge */ = {
			isa = PBXGroup;
			children = (
				8256C0E02B75C44D00E542F8 /* BadgeBackground.swift */,
				82E13D222B75D58100AFF9BC /* BadgeSymbol.swift */,
				82E13D252B75FEAE00AFF9BC /* RotatedBadgeSymbol.swift */,
				82E13D272B75FF6600AFF9BC /* Badge.swift */,
			);
			path = Badge;
			sourceTree = "<group>";
		};
		825AF2A52B74A14800EF99D5 = {
			isa = PBXGroup;
			children = (
				825AF2B02B74A14800EF99D5 /* Landmarks */,
				825AF2AF2B74A14800EF99D5 /* Products */,
			);
			sourceTree = "<group>";
		};
		825AF2AF2B74A14800EF99D5 /* Products */ = {
			isa = PBXGroup;
			children = (
				825AF2AE2B74A14800EF99D5 /* Landmarks.app */,
			);
			name = Products;
			sourceTree = "<group>";
		};
		825AF2B02B74A14800EF99D5 /* Landmarks */ = {
			isa = PBXGroup;
			children = (
				825AF2B12B74A14800EF99D5 /* LandmarksApp.swift */,
				825AF2CB2B74D61D00EF99D5 /* Model */,
				825AF2B72B74A14B00EF99D5 /* Preview Content */,
				825AF2CC2B74D63900EF99D5 /* Resources */,
				825AF2C92B74D5D600EF99D5 /* Views */,
			);
			path = Landmarks;
			sourceTree = "<group>";
		};
		825AF2B72B74A14B00EF99D5 /* Preview Content */ = {
			isa = PBXGroup;
			children = (
				825AF2B82B74A14B00EF99D5 /* Preview Assets.xcassets */,
			);
			path = "Preview Content";
			sourceTree = "<group>";
		};
		825AF2C92B74D5D600EF99D5 /* Views */ = {
			isa = PBXGroup;
			children = (
				825AF2B32B74A14800EF99D5 /* ContentView.swift */,
				8256C0E22B75C45C00E542F8 /* Badge */,
				8213CC5D2B7727A500099FEC /* Categories */,
				827F9C6A2B752C1E00799441 /* Helper */,
				82E13D2D2B76119B00AFF9BC /* Hikes */,
				827F9C692B752C0600799441 /* Landmark */,
				8213CC642B775F5F00099FEC /* Profiles */,
			);
			path = Views;
			sourceTree = "<group>";
		};
		825AF2CB2B74D61D00EF99D5 /* Model */ = {
			isa = PBXGroup;
			children = (
				825AF2C52B74CD8C00EF99D5 /* Landmark.swift */,
				825AF2C72B74D32500EF99D5 /* ModelData.swift */,
				82E13D2B2B760C8500AFF9BC /* Hike.swift */,
				8213CC622B775EA200099FEC /* Profile.swift */,
			);
			path = Model;
			sourceTree = "<group>";
		};
		825AF2CC2B74D63900EF99D5 /* Resources */ = {
			isa = PBXGroup;
			children = (
				82E13D292B7608C300AFF9BC /* hikeData.json */,
				825AF2C32B74CCFC00EF99D5 /* landmarkData.json */,
				825AF2B52B74A14B00EF99D5 /* Assets.xcassets */,
			);
			path = Resources;
			sourceTree = "<group>";
		};
		827F9C692B752C0600799441 /* Landmark */ = {
			isa = PBXGroup;
			children = (
				825AF2CD2B74DD3F00EF99D5 /* LandmarkRow.swift */,
				825AF2CF2B74E46800EF99D5 /* LandmarkList.swift */,
				825AF2D12B74E66100EF99D5 /* LandmarkDetail.swift */,
			);
			path = Landmark;
			sourceTree = "<group>";
		};
		827F9C6A2B752C1E00799441 /* Helper */ = {
			isa = PBXGroup;
			children = (
				8256C0DE2B75BCAE00E542F8 /* HexagonParameters.swift */,
				825AF2BF2B74BEF500EF99D5 /* CircleImage.swift */,
				825AF2C12B74C22E00EF99D5 /* MapView.swift */,
				827F9C672B7528E200799441 /* FavoriteButton.swift */,
			);
			path = Helper;
			sourceTree = "<group>";
		};
		82E13D2D2B76119B00AFF9BC /* Hikes */ = {
			isa = PBXGroup;
			children = (
				82E13D2E2B76119B00AFF9BC /* GraphCapsule.swift */,
				82E13D2F2B76119B00AFF9BC /* HikeGraph.swift */,
				82E13D302B76119B00AFF9BC /* HikeDetail.swift */,
				82E13D312B76119B00AFF9BC /* HikeView.swift */,
				8213CC692B778A4C00099FEC /* HikeBadge.swift */,
			);
			path = Hikes;
			sourceTree = "<group>";
		};
/* End PBXGroup section */

/* Begin PBXNativeTarget section */
		825AF2AD2B74A14800EF99D5 /* Landmarks */ = {
			isa = PBXNativeTarget;
			buildConfigurationList = 825AF2BC2B74A14B00EF99D5 /* Build configuration list for PBXNativeTarget "Landmarks" */;
			buildPhases = (
				825AF2AA2B74A14800EF99D5 /* Sources */,
				825AF2AB2B74A14800EF99D5 /* Frameworks */,
				825AF2AC2B74A14800EF99D5 /* Resources */,
			);
			buildRules = (
			);
			dependencies = (
			);
			name = Landmarks;
			productName = Landmarks;
			productReference = 825AF2AE2B74A14800EF99D5 /* Landmarks.app */;
			productType = "com.apple.product-type.application";
		};
/* End PBXNativeTarget section */

/* Begin PBXProject section */
		825AF2A62B74A14800EF99D5 /* Project object */ = {
			isa = PBXProject;
			attributes = {
				BuildIndependentTargetsInParallel = 1;
				LastSwiftUpdateCheck = 1520;
				LastUpgradeCheck = 1520;
				TargetAttributes = {
					825AF2AD2B74A14800EF99D5 = {
						CreatedOnToolsVersion = 15.2;
					};
				};
			};
			buildConfigurationList = 825AF2A92B74A14800EF99D5 /* Build configuration list for PBXProject "Landmarks" */;
			compatibilityVersion = "Xcode 14.0";
			developmentRegion = en;
			hasScannedForEncodings = 0;
			knownRegions = (
				en,
				Base,
			);
			mainGroup = 825AF2A52B74A14800EF99D5;
			productRefGroup = 825AF2AF2B74A14800EF99D5 /* Products */;
			projectDirPath = "";
			projectRoot = "";
			targets = (
				825AF2AD2B74A14800EF99D5 /* Landmarks */,
			);
		};
/* End PBXProject section */

/* Begin PBXResourcesBuildPhase section */
		825AF2AC2B74A14800EF99D5 /* Resources */ = {
			isa = PBXResourcesBuildPhase;
			buildActionMask = 2147483647;
			files = (
				82E13D2A2B7608C400AFF9BC /* hikeData.json in Resources */,
				825AF2B92B74A14B00EF99D5 /* Preview Assets.xcassets in Resources */,
				825AF2B62B74A14B00EF99D5 /* Assets.xcassets in Resources */,
				825AF2C42B74CCFC00EF99D5 /* landmarkData.json in Resources */,
			);
			runOnlyForDeploymentPostprocessing = 0;
		};
/* End PBXResourcesBuildPhase section */

/* Begin PBXSourcesBuildPhase section */
		825AF2AA2B74A14800EF99D5 /* Sources */ = {
			isa = PBXSourcesBuildPhase;
			buildActionMask = 2147483647;
			files = (
				8213CC5F2B7730AC00099FEC /* CategoryRow.swift in Sources */,
				8213CC632B775EA200099FEC /* Profile.swift in Sources */,
				825AF2B42B74A14800EF99D5 /* ContentView.swift in Sources */,
				8213CC5C2B77279600099FEC /* CategoryHome.swift in Sources */,
				82E13D332B76119B00AFF9BC /* HikeGraph.swift in Sources */,
				82E13D282B75FF6600AFF9BC /* Badge.swift in Sources */,
				825AF2C22B74C22E00EF99D5 /* MapView.swift in Sources */,
				82E13D322B76119B00AFF9BC /* GraphCapsule.swift in Sources */,
				825AF2B22B74A14800EF99D5 /* LandmarksApp.swift in Sources */,
				827F9C682B7528E200799441 /* FavoriteButton.swift in Sources */,
				8213CC612B77504500099FEC /* CategoryItem.swift in Sources */,
				82E13D342B76119B00AFF9BC /* HikeDetail.swift in Sources */,
				8213CC682B77877000099FEC /* ProfileSummary.swift in Sources */,
				8256C0DF2B75BCAE00E542F8 /* HexagonParameters.swift in Sources */,
				8213CC662B775F7900099FEC /* ProfileHost.swift in Sources */,
				82E13D2C2B760C8500AFF9BC /* Hike.swift in Sources */,
				82E13D262B75FEAE00AFF9BC /* RotatedBadgeSymbol.swift in Sources */,
				82E13D232B75D58100AFF9BC /* BadgeSymbol.swift in Sources */,
				8213CC6C2B77A6D100099FEC /* ProfileEditor.swift in Sources */,
				825AF2D02B74E46800EF99D5 /* LandmarkList.swift in Sources */,
				82E13D352B76119B00AFF9BC /* HikeView.swift in Sources */,
				825AF2D22B74E66100EF99D5 /* LandmarkDetail.swift in Sources */,
				8256C0E12B75C44D00E542F8 /* BadgeBackground.swift in Sources */,
				8213CC6A2B778A4C00099FEC /* HikeBadge.swift in Sources */,
				825AF2C02B74BEF500EF99D5 /* CircleImage.swift in Sources */,
				825AF2C62B74CD8C00EF99D5 /* Landmark.swift in Sources */,
				825AF2CE2B74DD3F00EF99D5 /* LandmarkRow.swift in Sources */,
				825AF2C82B74D32500EF99D5 /* ModelData.swift in Sources */,
			);
			runOnlyForDeploymentPostprocessing = 0;
		};
/* End PBXSourcesBuildPhase section */

/* Begin XCBuildConfiguration section */
		825AF2BA2B74A14B00EF99D5 /* Debug */ = {
			isa = XCBuildConfiguration;
			buildSettings = {
				ALWAYS_SEARCH_USER_PATHS = NO;
				ASSETCATALOG_COMPILER_GENERATE_SWIFT_ASSET_SYMBOL_EXTENSIONS = YES;
				CLANG_ANALYZER_NONNULL = YES;
				CLANG_ANALYZER_NUMBER_OBJECT_CONVERSION = YES_AGGRESSIVE;
				CLANG_CXX_LANGUAGE_STANDARD = "gnu++20";
				CLANG_ENABLE_MODULES = YES;
				CLANG_ENABLE_OBJC_ARC = YES;
				CLANG_ENABLE_OBJC_WEAK = YES;
				CLANG_WARN_BLOCK_CAPTURE_AUTORELEASING = YES;
				CLANG_WARN_BOOL_CONVERSION = YES;
				CLANG_WARN_COMMA = YES;
				CLANG_WARN_CONSTANT_CONVERSION = YES;
				CLANG_WARN_DEPRECATED_OBJC_IMPLEMENTATIONS = YES;
				CLANG_WARN_DIRECT_OBJC_ISA_USAGE = YES_ERROR;
				CLANG_WARN_DOCUMENTATION_COMMENTS = YES;
				CLANG_WARN_EMPTY_BODY = YES;
				CLANG_WARN_ENUM_CONVERSION = YES;
				CLANG_WARN_INFINITE_RECURSION = YES;
				CLANG_WARN_INT_CONVERSION = YES;
				CLANG_WARN_NON_LITERAL_NULL_CONVERSION = YES;
				CLANG_WARN_OBJC_IMPLICIT_RETAIN_SELF = YES;
				CLANG_WARN_OBJC_LITERAL_CONVERSION = YES;
				CLANG_WARN_OBJC_ROOT_CLASS = YES_ERROR;
				CLANG_WARN_QUOTED_INCLUDE_IN_FRAMEWORK_HEADER = YES;
				CLANG_WARN_RANGE_LOOP_ANALYSIS = YES;
				CLANG_WARN_STRICT_PROTOTYPES = YES;
				CLANG_WARN_SUSPICIOUS_MOVE = YES;
				CLANG_WARN_UNGUARDED_AVAILABILITY = YES_AGGRESSIVE;
				CLANG_WARN_UNREACHABLE_CODE = YES;
				CLANG_WARN__DUPLICATE_METHOD_MATCH = YES;
				COPY_PHASE_STRIP = NO;
				DEBUG_INFORMATION_FORMAT = dwarf;
				ENABLE_STRICT_OBJC_MSGSEND = YES;
				ENABLE_TESTABILITY = YES;
				ENABLE_USER_SCRIPT_SANDBOXING = YES;
				GCC_C_LANGUAGE_STANDARD = gnu17;
				GCC_DYNAMIC_NO_PIC = NO;
				GCC_NO_COMMON_BLOCKS = YES;
				GCC_OPTIMIZATION_LEVEL = 0;
				GCC_PREPROCESSOR_DEFINITIONS = (
					"DEBUG=1",
					"$(inherited)",
				);
				GCC_WARN_64_TO_32_BIT_CONVERSION = YES;
				GCC_WARN_ABOUT_RETURN_TYPE = YES_ERROR;
				GCC_WARN_UNDECLARED_SELECTOR = YES;
				GCC_WARN_UNINITIALIZED_AUTOS = YES_AGGRESSIVE;
				GCC_WARN_UNUSED_FUNCTION = YES;
				GCC_WARN_UNUSED_VARIABLE = YES;
				IPHONEOS_DEPLOYMENT_TARGET = 17.2;
				LOCALIZATION_PREFERS_STRING_CATALOGS = YES;
				MTL_ENABLE_DEBUG_INFO = INCLUDE_SOURCE;
				MTL_FAST_MATH = YES;
				ONLY_ACTIVE_ARCH = YES;
				SDKROOT = iphoneos;
				SWIFT_ACTIVE_COMPILATION_CONDITIONS = "DEBUG $(inherited)";
				SWIFT_OPTIMIZATION_LEVEL = "-Onone";
			};
			name = Debug;
		};
		825AF2BB2B74A14B00EF99D5 /* Release */ = {
			isa = XCBuildConfiguration;
			buildSettings = {
				ALWAYS_SEARCH_USER_PATHS = NO;
				ASSETCATALOG_COMPILER_GENERATE_SWIFT_ASSET_SYMBOL_EXTENSIONS = YES;
				CLANG_ANALYZER_NONNULL = YES;
				CLANG_ANALYZER_NUMBER_OBJECT_CONVERSION = YES_AGGRESSIVE;
				CLANG_CXX_LANGUAGE_STANDARD = "gnu++20";
				CLANG_ENABLE_MODULES = YES;
				CLANG_ENABLE_OBJC_ARC = YES;
				CLANG_ENABLE_OBJC_WEAK = YES;
				CLANG_WARN_BLOCK_CAPTURE_AUTORELEASING = YES;
				CLANG_WARN_BOOL_CONVERSION = YES;
				CLANG_WARN_COMMA = YES;
				CLANG_WARN_CONSTANT_CONVERSION = YES;
				CLANG_WARN_DEPRECATED_OBJC_IMPLEMENTATIONS = YES;
				CLANG_WARN_DIRECT_OBJC_ISA_USAGE = YES_ERROR;
				CLANG_WARN_DOCUMENTATION_COMMENTS = YES;
				CLANG_WARN_EMPTY_BODY = YES;
				CLANG_WARN_ENUM_CONVERSION = YES;
				CLANG_WARN_INFINITE_RECURSION = YES;
				CLANG_WARN_INT_CONVERSION = YES;
				CLANG_WARN_NON_LITERAL_NULL_CONVERSION = YES;
				CLANG_WARN_OBJC_IMPLICIT_RETAIN_SELF = YES;
				CLANG_WARN_OBJC_LITERAL_CONVERSION = YES;
				CLANG_WARN_OBJC_ROOT_CLASS = YES_ERROR;
				CLANG_WARN_QUOTED_INCLUDE_IN_FRAMEWORK_HEADER = YES;
				CLANG_WARN_RANGE_LOOP_ANALYSIS = YES;
				CLANG_WARN_STRICT_PROTOTYPES = YES;
				CLANG_WARN_SUSPICIOUS_MOVE = YES;
				CLANG_WARN_UNGUARDED_AVAILABILITY = YES_AGGRESSIVE;
				CLANG_WARN_UNREACHABLE_CODE = YES;
				CLANG_WARN__DUPLICATE_METHOD_MATCH = YES;
				COPY_PHASE_STRIP = NO;
				DEBUG_INFORMATION_FORMAT = "dwarf-with-dsym";
				ENABLE_NS_ASSERTIONS = NO;
				ENABLE_STRICT_OBJC_MSGSEND = YES;
				ENABLE_USER_SCRIPT_SANDBOXING = YES;
				GCC_C_LANGUAGE_STANDARD = gnu17;
				GCC_NO_COMMON_BLOCKS = YES;
				GCC_WARN_64_TO_32_BIT_CONVERSION = YES;
				GCC_WARN_ABOUT_RETURN_TYPE = YES_ERROR;
				GCC_WARN_UNDECLARED_SELECTOR = YES;
				GCC_WARN_UNINITIALIZED_AUTOS = YES_AGGRESSIVE;
				GCC_WARN_UNUSED_FUNCTION = YES;
				GCC_WARN_UNUSED_VARIABLE = YES;
				IPHONEOS_DEPLOYMENT_TARGET = 17.2;
				LOCALIZATION_PREFERS_STRING_CATALOGS = YES;
				MTL_ENABLE_DEBUG_INFO = NO;
				MTL_FAST_MATH = YES;
				SDKROOT = iphoneos;
				SWIFT_COMPILATION_MODE = wholemodule;
				VALIDATE_PRODUCT = YES;
			};
			name = Release;
		};
		825AF2BD2B74A14B00EF99D5 /* Debug */ = {
			isa = XCBuildConfiguration;
			buildSettings = {
				ASSETCATALOG_COMPILER_APPICON_NAME = AppIcon;
				ASSETCATALOG_COMPILER_GLOBAL_ACCENT_COLOR_NAME = AccentColor;
				CODE_SIGN_STYLE = Automatic;
				CURRENT_PROJECT_VERSION = 1;
				DEVELOPMENT_ASSET_PATHS = "\"Landmarks/Preview Content\"";
				DEVELOPMENT_TEAM = BB4473L838;
				ENABLE_PREVIEWS = YES;
				GENERATE_INFOPLIST_FILE = YES;
				INFOPLIST_KEY_UIApplicationSceneManifest_Generation = YES;
				INFOPLIST_KEY_UIApplicationSupportsIndirectInputEvents = YES;
				INFOPLIST_KEY_UILaunchScreen_Generation = YES;
				INFOPLIST_KEY_UISupportedInterfaceOrientations_iPad = "UIInterfaceOrientationPortrait UIInterfaceOrientationPortraitUpsideDown UIInterfaceOrientationLandscapeLeft UIInterfaceOrientationLandscapeRight";
				INFOPLIST_KEY_UISupportedInterfaceOrientations_iPhone = "UIInterfaceOrientationPortrait UIInterfaceOrientationLandscapeLeft UIInterfaceOrientationLandscapeRight";
				LD_RUNPATH_SEARCH_PATHS = (
					"$(inherited)",
					"@executable_path/Frameworks",
				);
				MARKETING_VERSION = 1.0;
				PRODUCT_BUNDLE_IDENTIFIER = andylovescoding.Landmarks;
				PRODUCT_NAME = "$(TARGET_NAME)";
				SWIFT_EMIT_LOC_STRINGS = YES;
				SWIFT_VERSION = 5.0;
				TARGETED_DEVICE_FAMILY = "1,2";
			};
			name = Debug;
		};
		825AF2BE2B74A14B00EF99D5 /* Release */ = {
			isa = XCBuildConfiguration;
			buildSettings = {
				ASSETCATALOG_COMPILER_APPICON_NAME = AppIcon;
				ASSETCATALOG_COMPILER_GLOBAL_ACCENT_COLOR_NAME = AccentColor;
				CODE_SIGN_STYLE = Automatic;
				CURRENT_PROJECT_VERSION = 1;
				DEVELOPMENT_ASSET_PATHS = "\"Landmarks/Preview Content\"";
				DEVELOPMENT_TEAM = BB4473L838;
				ENABLE_PREVIEWS = YES;
				GENERATE_INFOPLIST_FILE = YES;
				INFOPLIST_KEY_UIApplicationSceneManifest_Generation = YES;
				INFOPLIST_KEY_UIApplicationSupportsIndirectInputEvents = YES;
				INFOPLIST_KEY_UILaunchScreen_Generation = YES;
				INFOPLIST_KEY_UISupportedInterfaceOrientations_iPad = "UIInterfaceOrientationPortrait UIInterfaceOrientationPortraitUpsideDown UIInterfaceOrientationLandscapeLeft UIInterfaceOrientationLandscapeRight";
				INFOPLIST_KEY_UISupportedInterfaceOrientations_iPhone = "UIInterfaceOrientationPortrait UIInterfaceOrientationLandscapeLeft UIInterfaceOrientationLandscapeRight";
				LD_RUNPATH_SEARCH_PATHS = (
					"$(inherited)",
					"@executable_path/Frameworks",
				);
				MARKETING_VERSION = 1.0;
				PRODUCT_BUNDLE_IDENTIFIER = andylovescoding.Landmarks;
				PRODUCT_NAME = "$(TARGET_NAME)";
				SWIFT_EMIT_LOC_STRINGS = YES;
				SWIFT_VERSION = 5.0;
				TARGETED_DEVICE_FAMILY = "1,2";
			};
			name = Release;
		};
/* End XCBuildConfiguration section */

/* Begin XCConfigurationList section */
		825AF2A92B74A14800EF99D5 /* Build configuration list for PBXProject "Landmarks" */ = {
			isa = XCConfigurationList;
			buildConfigurations = (
				825AF2BA2B74A14B00EF99D5 /* Debug */,
				825AF2BB2B74A14B00EF99D5 /* Release */,
			);
			defaultConfigurationIsVisible = 0;
			defaultConfigurationName = Release;
		};
		825AF2BC2B74A14B00EF99D5 /* Build configuration list for PBXNativeTarget "Landmarks" */ = {
			isa = XCConfigurationList;
			buildConfigurations = (
				825AF2BD2B74A14B00EF99D5 /* Debug */,
				825AF2BE2B74A14B00EF99D5 /* Release */,
			);
			defaultConfigurationIsVisible = 0;
			defaultConfigurationName = Release;
		};
/* End XCConfigurationList section */
	};
	rootObject = 825AF2A62B74A14800EF99D5 /* Project object */;
}
